
Microsoft Visual Studio Solution File, Format Version 11.00
# Visual Studio 2010
Project("{FAE04EC0-301F-11D3-BF4B-00C04F79EFBC}") = "GLSharp", "GLSharp\GLSharp.csproj", "{5DE6613B-1196-42BC-BA61-5AA9837608E0}"
EndProject
Project("{FAE04EC0-301F-11D3-BF4B-00C04F79EFBC}") = "App", "App\App.csproj", "{7E92B68E-6EFB-4E50-92D4-773654F0695B}"
EndProject
Project("{FAE04EC0-301F-11D3-BF4B-00C04F79EFBC}") = "Engine", "Engine\Engine.csproj", "{2DEFA5FE-7947-4D16-B744-C088B34589DD}"
EndProject
Project("{FAE04EC0-301F-11D3-BF4B-00C04F79EFBC}") = "Core", "Core\Core.csproj", "{F47D3BEA-870F-4CB0-AD52-19909B2B9E8B}"
EndProject
Project("{FAE04EC0-301F-11D3-BF4B-00C04F79EFBC}") = "DemoGame", "DemoGame\DemoGame.csproj", "{C1B590B6-454F-4AAF-8990-48A4FC4F060A}"
EndProject
Project("{FAE04EC0-301F-11D3-BF4B-00C04F79EFBC}") = "Box2D", "Box2d\Box2D.csproj", "{5AE597E8-1EC3-40AA-A416-7DD6147003CF}"
EndProject
Global
	GlobalSection(SolutionConfigurationPlatforms) = preSolution
		Debug|Any CPU = Debug|Any CPU
		Release|Any CPU = Release|Any CPU
	EndGlobalSection
	GlobalSection(ProjectConfigurationPlatforms) = postSolution
		{5DE6613B-1196-42BC-BA61-5AA9837608E0}.Debug|Any CPU.ActiveCfg = Debug|Any CPU
		{5DE6613B-1196-42BC-BA61-5AA9837608E0}.Debug|Any CPU.Build.0 = Debug|Any CPU
		{5DE6613B-1196-42BC-BA61-5AA9837608E0}.Release|Any CPU.ActiveCfg = Release|Any CPU
		{5DE6613B-1196-42BC-BA61-5AA9837608E0}.Release|Any CPU.Build.0 = Release|Any CPU
		{7E92B68E-6EFB-4E50-92D4-773654F0695B}.Debug|Any CPU.ActiveCfg = Debug|Any CPU
		{7E92B68E-6EFB-4E50-92D4-773654F0695B}.Debug|Any CPU.Build.0 = Debug|Any CPU
		{7E92B68E-6EFB-4E50-92D4-773654F0695B}.Release|Any CPU.ActiveCfg = Release|Any CPU
		{7E92B68E-6EFB-4E50-92D4-773654F0695B}.Release|Any CPU.Build.0 = Release|Any CPU
		{2DEFA5FE-7947-4D16-B744-C088B34589DD}.Debug|Any CPU.ActiveCfg = Debug|Any CPU
		{2DEFA5FE-7947-4D16-B744-C088B34589DD}.Debug|Any CPU.Build.0 = Debug|Any CPU
		{2DEFA5FE-7947-4D16-B744-C088B34589DD}.Release|Any CPU.ActiveCfg = Release|Any CPU
		{2DEFA5FE-7947-4D16-B744-C088B34589DD}.Release|Any CPU.Build.0 = Release|Any CPU
		{F47D3BEA-870F-4CB0-AD52-19909B2B9E8B}.Debug|Any CPU.ActiveCfg = Debug|Any CPU
		{F47D3BEA-870F-4CB0-AD52-19909B2B9E8B}.Debug|Any CPU.Build.0 = Debug|Any CPU
		{F47D3BEA-870F-4CB0-AD52-19909B2B9E8B}.Release|Any CPU.ActiveCfg = Release|Any CPU
		{F47D3BEA-870F-4CB0-AD52-19909B2B9E8B}.Release|Any CPU.Build.0 = Release|Any CPU
		{C1B590B6-454F-4AAF-8990-48A4FC4F060A}.Debug|Any CPU.ActiveCfg = Debug|Any CPU
		{C1B590B6-454F-4AAF-8990-48A4FC4F060A}.Debug|Any CPU.Build.0 = Debug|Any CPU
		{C1B590B6-454F-4AAF-8990-48A4FC4F060A}.Release|Any CPU.ActiveCfg = Release|Any CPU
		{C1B590B6-454F-4AAF-8990-48A4FC4F060A}.Release|Any CPU.Build.0 = Release|Any CPU
		{5AE597E8-1EC3-40AA-A416-7DD6147003CF}.Debug|Any CPU.ActiveCfg = Debug|Any CPU
		{5AE597E8-1EC3-40AA-A416-7DD6147003CF}.Debug|Any CPU.Build.0 = Debug|Any CPU
		{5AE597E8-1EC3-40AA-A416-7DD6147003CF}.Release|Any CPU.ActiveCfg = Release|Any CPU
		{5AE597E8-1EC3-40AA-A416-7DD6147003CF}.Release|Any CPU.Build.0 = Release|Any CPU
	EndGlobalSection
	GlobalSection(SolutionProperties) = preSolution
		HideSolutionNode = FALSE
	EndGlobalSection
EndGlobal
